{
  "name": "learn-reasonml-workshop",
  "version": "0.1.0",
  "lockfileVersion": 1,
  "requires": true,
  "dependencies": {
    "bs-platform": {
      "version": "2.2.3",
      "resolved": "https://registry.npmjs.org/bs-platform/-/bs-platform-2.2.3.tgz",
      "integrity": "sha1-2QWuEKXzYh5qc5BB36C1hIOiF08=",
      "dev": true
    }
  }
}
